
Microsoft Visual Studio Solution File, Format Version 12.00
# Visual Studio Version 17
VisualStudioVersion = 17.1.32407.343
MinimumVisualStudioVersion = 10.0.40219.1
Project("{8BC9CEB8-8B4A-11D0-8D11-00A0C91BC942}") = "MPI-Vezbe", "MPI-Test\MPI-Test.vcxproj", "{C90E5BDA-3BD0-4A51-8D11-2BDF68FD6FC6}"
EndProject
Project("{8BC9CEB8-8B4A-11D0-8D11-00A0C91BC942}") = "L1Z1", "L1Z1\L1Z1.vcxproj", "{8111FE86-3019-422A-966B-3A281E3EC17C}"
EndProject
Project("{8BC9CEB8-8B4A-11D0-8D11-00A0C91BC942}") = "L1Z2", "L1Z2\L1Z2.vcxproj", "{57C811F7-E3C6-4522-B6D7-C47E23730D84}"
EndProject
Project("{8BC9CEB8-8B4A-11D0-8D11-00A0C91BC942}") = "L1Z3", "L1Z3\L1Z3.vcxproj", "{05C2B864-4BC4-4D37-B38A-A48F7B7A3002}"
EndProject
Project("{8BC9CEB8-8B4A-11D0-8D11-00A0C91BC942}") = "L1Z4", "L1Z4\L1Z4.vcxproj", "{38B9FF7A-4574-49BC-B39E-7261F88BAE7C}"
EndProject
Project("{8BC9CEB8-8B4A-11D0-8D11-00A0C91BC942}") = "L1Z5", "L1Z5\L1Z5.vcxproj", "{7AB998F9-4878-4C54-A603-BC40304F5ED7}"
EndProject
Project("{8BC9CEB8-8B4A-11D0-8D11-00A0C91BC942}") = "L1Z6", "L1Z6\L1Z6.vcxproj", "{8F245526-BCDB-4F8F-B0DC-56563F2D31EB}"
EndProject
Project("{8BC9CEB8-8B4A-11D0-8D11-00A0C91BC942}") = "MPI-Vezbe-Group", "MPI-Vezbe-Group\MPI-Vezbe-Group.vcxproj", "{1829C61D-A1A5-44B0-B09F-4960A0BC70D4}"
EndProject
Project("{8BC9CEB8-8B4A-11D0-8D11-00A0C91BC942}") = "L2Z1", "L2Z1\L2Z1.vcxproj", "{AF02C15B-BED4-4915-9D7C-5789DB2C5F54}"
EndProject
Project("{8BC9CEB8-8B4A-11D0-8D11-00A0C91BC942}") = "L2Z2", "L2Z2\L2Z2.vcxproj", "{4226B264-AB3D-4FBA-AA8E-B0E2269181EE}"
EndProject
Project("{8BC9CEB8-8B4A-11D0-8D11-00A0C91BC942}") = "L2Z3", "L2Z3\L2Z3.vcxproj", "{0F2BF329-93BB-4A5C-9895-03E0C6B77356}"
EndProject
Project("{8BC9CEB8-8B4A-11D0-8D11-00A0C91BC942}") = "L2Z4", "L2Z4\L2Z4.vcxproj", "{27F8E3DE-AC02-4DA5-9955-7AC9839D98E9}"
EndProject
Project("{8BC9CEB8-8B4A-11D0-8D11-00A0C91BC942}") = "L2Z5", "L2Z5\L2Z5.vcxproj", "{4A42966F-1E1B-4E01-9EEB-551E1A8FA4C3}"
EndProject
Project("{8BC9CEB8-8B4A-11D0-8D11-00A0C91BC942}") = "L2Z6", "L2Z6\L2Z6.vcxproj", "{7BA5517D-798D-413A-A9EA-8F757F1A9B67}"
EndProject
Project("{8BC9CEB8-8B4A-11D0-8D11-00A0C91BC942}") = "L2Z1-23", "L2Z1-23\L2Z1-23.vcxproj", "{0E7CC879-B0B9-48AE-BC30-0F0CAD6F18A1}"
EndProject
Global
	GlobalSection(SolutionConfigurationPlatforms) = preSolution
		Debug|x64 = Debug|x64
		Debug|x86 = Debug|x86
		Release|x64 = Release|x64
		Release|x86 = Release|x86
	EndGlobalSection
	GlobalSection(ProjectConfigurationPlatforms) = postSolution
		{C90E5BDA-3BD0-4A51-8D11-2BDF68FD6FC6}.Debug|x64.ActiveCfg = Debug|x64
		{C90E5BDA-3BD0-4A51-8D11-2BDF68FD6FC6}.Debug|x64.Build.0 = Debug|x64
		{C90E5BDA-3BD0-4A51-8D11-2BDF68FD6FC6}.Debug|x86.ActiveCfg = Debug|Win32
		{C90E5BDA-3BD0-4A51-8D11-2BDF68FD6FC6}.Debug|x86.Build.0 = Debug|Win32
		{C90E5BDA-3BD0-4A51-8D11-2BDF68FD6FC6}.Release|x64.ActiveCfg = Release|x64
		{C90E5BDA-3BD0-4A51-8D11-2BDF68FD6FC6}.Release|x64.Build.0 = Release|x64
		{C90E5BDA-3BD0-4A51-8D11-2BDF68FD6FC6}.Release|x86.ActiveCfg = Release|Win32
		{C90E5BDA-3BD0-4A51-8D11-2BDF68FD6FC6}.Release|x86.Build.0 = Release|Win32
		{8111FE86-3019-422A-966B-3A281E3EC17C}.Debug|x64.ActiveCfg = Debug|x64
		{8111FE86-3019-422A-966B-3A281E3EC17C}.Debug|x64.Build.0 = Debug|x64
		{8111FE86-3019-422A-966B-3A281E3EC17C}.Debug|x86.ActiveCfg = Debug|Win32
		{8111FE86-3019-422A-966B-3A281E3EC17C}.Debug|x86.Build.0 = Debug|Win32
		{8111FE86-3019-422A-966B-3A281E3EC17C}.Release|x64.ActiveCfg = Release|x64
		{8111FE86-3019-422A-966B-3A281E3EC17C}.Release|x64.Build.0 = Release|x64
		{8111FE86-3019-422A-966B-3A281E3EC17C}.Release|x86.ActiveCfg = Release|Win32
		{8111FE86-3019-422A-966B-3A281E3EC17C}.Release|x86.Build.0 = Release|Win32
		{57C811F7-E3C6-4522-B6D7-C47E23730D84}.Debug|x64.ActiveCfg = Debug|x64
		{57C811F7-E3C6-4522-B6D7-C47E23730D84}.Debug|x64.Build.0 = Debug|x64
		{57C811F7-E3C6-4522-B6D7-C47E23730D84}.Debug|x86.ActiveCfg = Debug|Win32
		{57C811F7-E3C6-4522-B6D7-C47E23730D84}.Debug|x86.Build.0 = Debug|Win32
		{57C811F7-E3C6-4522-B6D7-C47E23730D84}.Release|x64.ActiveCfg = Release|x64
		{57C811F7-E3C6-4522-B6D7-C47E23730D84}.Release|x64.Build.0 = Release|x64
		{57C811F7-E3C6-4522-B6D7-C47E23730D84}.Release|x86.ActiveCfg = Release|Win32
		{57C811F7-E3C6-4522-B6D7-C47E23730D84}.Release|x86.Build.0 = Release|Win32
		{05C2B864-4BC4-4D37-B38A-A48F7B7A3002}.Debug|x64.ActiveCfg = Debug|x64
		{05C2B864-4BC4-4D37-B38A-A48F7B7A3002}.Debug|x64.Build.0 = Debug|x64
		{05C2B864-4BC4-4D37-B38A-A48F7B7A3002}.Debug|x86.ActiveCfg = Debug|Win32
		{05C2B864-4BC4-4D37-B38A-A48F7B7A3002}.Debug|x86.Build.0 = Debug|Win32
		{05C2B864-4BC4-4D37-B38A-A48F7B7A3002}.Release|x64.ActiveCfg = Release|x64
		{05C2B864-4BC4-4D37-B38A-A48F7B7A3002}.Release|x64.Build.0 = Release|x64
		{05C2B864-4BC4-4D37-B38A-A48F7B7A3002}.Release|x86.ActiveCfg = Release|Win32
		{05C2B864-4BC4-4D37-B38A-A48F7B7A3002}.Release|x86.Build.0 = Release|Win32
		{38B9FF7A-4574-49BC-B39E-7261F88BAE7C}.Debug|x64.ActiveCfg = Debug|x64
		{38B9FF7A-4574-49BC-B39E-7261F88BAE7C}.Debug|x64.Build.0 = Debug|x64
		{38B9FF7A-4574-49BC-B39E-7261F88BAE7C}.Debug|x86.ActiveCfg = Debug|Win32
		{38B9FF7A-4574-49BC-B39E-7261F88BAE7C}.Debug|x86.Build.0 = Debug|Win32
		{38B9FF7A-4574-49BC-B39E-7261F88BAE7C}.Release|x64.ActiveCfg = Release|x64
		{38B9FF7A-4574-49BC-B39E-7261F88BAE7C}.Release|x64.Build.0 = Release|x64
		{38B9FF7A-4574-49BC-B39E-7261F88BAE7C}.Release|x86.ActiveCfg = Release|Win32
		{38B9FF7A-4574-49BC-B39E-7261F88BAE7C}.Release|x86.Build.0 = Release|Win32
		{7AB998F9-4878-4C54-A603-BC40304F5ED7}.Debug|x64.ActiveCfg = Debug|x64
		{7AB998F9-4878-4C54-A603-BC40304F5ED7}.Debug|x64.Build.0 = Debug|x64
		{7AB998F9-4878-4C54-A603-BC40304F5ED7}.Debug|x86.ActiveCfg = Debug|Win32
		{7AB998F9-4878-4C54-A603-BC40304F5ED7}.Debug|x86.Build.0 = Debug|Win32
		{7AB998F9-4878-4C54-A603-BC40304F5ED7}.Release|x64.ActiveCfg = Release|x64
		{7AB998F9-4878-4C54-A603-BC40304F5ED7}.Release|x64.Build.0 = Release|x64
		{7AB998F9-4878-4C54-A603-BC40304F5ED7}.Release|x86.ActiveCfg = Release|Win32
		{7AB998F9-4878-4C54-A603-BC40304F5ED7}.Release|x86.Build.0 = Release|Win32
		{8F245526-BCDB-4F8F-B0DC-56563F2D31EB}.Debug|x64.ActiveCfg = Debug|x64
		{8F245526-BCDB-4F8F-B0DC-56563F2D31EB}.Debug|x64.Build.0 = Debug|x64
		{8F245526-BCDB-4F8F-B0DC-56563F2D31EB}.Debug|x86.ActiveCfg = Debug|Win32
		{8F245526-BCDB-4F8F-B0DC-56563F2D31EB}.Debug|x86.Build.0 = Debug|Win32
		{8F245526-BCDB-4F8F-B0DC-56563F2D31EB}.Release|x64.ActiveCfg = Release|x64
		{8F245526-BCDB-4F8F-B0DC-56563F2D31EB}.Release|x64.Build.0 = Release|x64
		{8F245526-BCDB-4F8F-B0DC-56563F2D31EB}.Release|x86.ActiveCfg = Release|Win32
		{8F245526-BCDB-4F8F-B0DC-56563F2D31EB}.Release|x86.Build.0 = Release|Win32
		{1829C61D-A1A5-44B0-B09F-4960A0BC70D4}.Debug|x64.ActiveCfg = Debug|x64
		{1829C61D-A1A5-44B0-B09F-4960A0BC70D4}.Debug|x64.Build.0 = Debug|x64
		{1829C61D-A1A5-44B0-B09F-4960A0BC70D4}.Debug|x86.ActiveCfg = Debug|Win32
		{1829C61D-A1A5-44B0-B09F-4960A0BC70D4}.Debug|x86.Build.0 = Debug|Win32
		{1829C61D-A1A5-44B0-B09F-4960A0BC70D4}.Release|x64.ActiveCfg = Release|x64
		{1829C61D-A1A5-44B0-B09F-4960A0BC70D4}.Release|x64.Build.0 = Release|x64
		{1829C61D-A1A5-44B0-B09F-4960A0BC70D4}.Release|x86.ActiveCfg = Release|Win32
		{1829C61D-A1A5-44B0-B09F-4960A0BC70D4}.Release|x86.Build.0 = Release|Win32
		{AF02C15B-BED4-4915-9D7C-5789DB2C5F54}.Debug|x64.ActiveCfg = Debug|x64
		{AF02C15B-BED4-4915-9D7C-5789DB2C5F54}.Debug|x64.Build.0 = Debug|x64
		{AF02C15B-BED4-4915-9D7C-5789DB2C5F54}.Debug|x86.ActiveCfg = Debug|Win32
		{AF02C15B-BED4-4915-9D7C-5789DB2C5F54}.Debug|x86.Build.0 = Debug|Win32
		{AF02C15B-BED4-4915-9D7C-5789DB2C5F54}.Release|x64.ActiveCfg = Release|x64
		{AF02C15B-BED4-4915-9D7C-5789DB2C5F54}.Release|x64.Build.0 = Release|x64
		{AF02C15B-BED4-4915-9D7C-5789DB2C5F54}.Release|x86.ActiveCfg = Release|Win32
		{AF02C15B-BED4-4915-9D7C-5789DB2C5F54}.Release|x86.Build.0 = Release|Win32
		{4226B264-AB3D-4FBA-AA8E-B0E2269181EE}.Debug|x64.ActiveCfg = Debug|x64
		{4226B264-AB3D-4FBA-AA8E-B0E2269181EE}.Debug|x64.Build.0 = Debug|x64
		{4226B264-AB3D-4FBA-AA8E-B0E2269181EE}.Debug|x86.ActiveCfg = Debug|Win32
		{4226B264-AB3D-4FBA-AA8E-B0E2269181EE}.Debug|x86.Build.0 = Debug|Win32
		{4226B264-AB3D-4FBA-AA8E-B0E2269181EE}.Release|x64.ActiveCfg = Release|x64
		{4226B264-AB3D-4FBA-AA8E-B0E2269181EE}.Release|x64.Build.0 = Release|x64
		{4226B264-AB3D-4FBA-AA8E-B0E2269181EE}.Release|x86.ActiveCfg = Release|Win32
		{4226B264-AB3D-4FBA-AA8E-B0E2269181EE}.Release|x86.Build.0 = Release|Win32
		{0F2BF329-93BB-4A5C-9895-03E0C6B77356}.Debug|x64.ActiveCfg = Debug|x64
		{0F2BF329-93BB-4A5C-9895-03E0C6B77356}.Debug|x64.Build.0 = Debug|x64
		{0F2BF329-93BB-4A5C-9895-03E0C6B77356}.Debug|x86.ActiveCfg = Debug|Win32
		{0F2BF329-93BB-4A5C-9895-03E0C6B77356}.Debug|x86.Build.0 = Debug|Win32
		{0F2BF329-93BB-4A5C-9895-03E0C6B77356}.Release|x64.ActiveCfg = Release|x64
		{0F2BF329-93BB-4A5C-9895-03E0C6B77356}.Release|x64.Build.0 = Release|x64
		{0F2BF329-93BB-4A5C-9895-03E0C6B77356}.Release|x86.ActiveCfg = Release|Win32
		{0F2BF329-93BB-4A5C-9895-03E0C6B77356}.Release|x86.Build.0 = Release|Win32
		{27F8E3DE-AC02-4DA5-9955-7AC9839D98E9}.Debug|x64.ActiveCfg = Debug|x64
		{27F8E3DE-AC02-4DA5-9955-7AC9839D98E9}.Debug|x64.Build.0 = Debug|x64
		{27F8E3DE-AC02-4DA5-9955-7AC9839D98E9}.Debug|x86.ActiveCfg = Debug|Win32
		{27F8E3DE-AC02-4DA5-9955-7AC9839D98E9}.Debug|x86.Build.0 = Debug|Win32
		{27F8E3DE-AC02-4DA5-9955-7AC9839D98E9}.Release|x64.ActiveCfg = Release|x64
		{27F8E3DE-AC02-4DA5-9955-7AC9839D98E9}.Release|x64.Build.0 = Release|x64
		{27F8E3DE-AC02-4DA5-9955-7AC9839D98E9}.Release|x86.ActiveCfg = Release|Win32
		{27F8E3DE-AC02-4DA5-9955-7AC9839D98E9}.Release|x86.Build.0 = Release|Win32
		{4A42966F-1E1B-4E01-9EEB-551E1A8FA4C3}.Debug|x64.ActiveCfg = Debug|x64
		{4A42966F-1E1B-4E01-9EEB-551E1A8FA4C3}.Debug|x64.Build.0 = Debug|x64
		{4A42966F-1E1B-4E01-9EEB-551E1A8FA4C3}.Debug|x86.ActiveCfg = Debug|Win32
		{4A42966F-1E1B-4E01-9EEB-551E1A8FA4C3}.Debug|x86.Build.0 = Debug|Win32
		{4A42966F-1E1B-4E01-9EEB-551E1A8FA4C3}.Release|x64.ActiveCfg = Release|x64
		{4A42966F-1E1B-4E01-9EEB-551E1A8FA4C3}.Release|x64.Build.0 = Release|x64
		{4A42966F-1E1B-4E01-9EEB-551E1A8FA4C3}.Release|x86.ActiveCfg = Release|Win32
		{4A42966F-1E1B-4E01-9EEB-551E1A8FA4C3}.Release|x86.Build.0 = Release|Win32
		{7BA5517D-798D-413A-A9EA-8F757F1A9B67}.Debug|x64.ActiveCfg = Debug|x64
		{7BA5517D-798D-413A-A9EA-8F757F1A9B67}.Debug|x64.Build.0 = Debug|x64
		{7BA5517D-798D-413A-A9EA-8F757F1A9B67}.Debug|x86.ActiveCfg = Debug|Win32
		{7BA5517D-798D-413A-A9EA-8F757F1A9B67}.Debug|x86.Build.0 = Debug|Win32
		{7BA5517D-798D-413A-A9EA-8F757F1A9B67}.Release|x64.ActiveCfg = Release|x64
		{7BA5517D-798D-413A-A9EA-8F757F1A9B67}.Release|x64.Build.0 = Release|x64
		{7BA5517D-798D-413A-A9EA-8F757F1A9B67}.Release|x86.ActiveCfg = Release|Win32
		{7BA5517D-798D-413A-A9EA-8F757F1A9B67}.Release|x86.Build.0 = Release|Win32
		{0E7CC879-B0B9-48AE-BC30-0F0CAD6F18A1}.Debug|x64.ActiveCfg = Debug|x64
		{0E7CC879-B0B9-48AE-BC30-0F0CAD6F18A1}.Debug|x64.Build.0 = Debug|x64
		{0E7CC879-B0B9-48AE-BC30-0F0CAD6F18A1}.Debug|x86.ActiveCfg = Debug|Win32
		{0E7CC879-B0B9-48AE-BC30-0F0CAD6F18A1}.Debug|x86.Build.0 = Debug|Win32
		{0E7CC879-B0B9-48AE-BC30-0F0CAD6F18A1}.Release|x64.ActiveCfg = Release|x64
		{0E7CC879-B0B9-48AE-BC30-0F0CAD6F18A1}.Release|x64.Build.0 = Release|x64
		{0E7CC879-B0B9-48AE-BC30-0F0CAD6F18A1}.Release|x86.ActiveCfg = Release|Win32
		{0E7CC879-B0B9-48AE-BC30-0F0CAD6F18A1}.Release|x86.Build.0 = Release|Win32
	EndGlobalSection
	GlobalSection(SolutionProperties) = preSolution
		HideSolutionNode = FALSE
	EndGlobalSection
	GlobalSection(ExtensibilityGlobals) = postSolution
		SolutionGuid = {8090EEDE-3224-4FEB-AB32-EA9D8DB8BA49}
	EndGlobalSection
EndGlobal
